
Microsoft Visual Studio Solution File, Format Version 12.00
# Visual Studio Version 17
VisualStudioVersion = 17.4.33213.308
MinimumVisualStudioVersion = 10.0.40219.1
Project("{9A19103F-16F7-4668-BE54-9A1E7A4F7556}") = "Extractor", "Extractor\Extractor.csproj", "{DBB39D88-212D-4901-8B84-D6D5C3D18311}"
EndProject
Project("{9A19103F-16F7-4668-BE54-9A1E7A4F7556}") = "TruckLib.HashFs", "..\TruckLib\TruckLib.HashFs\TruckLib.HashFs.csproj", "{506E73A5-E31E-4B02-81A0-E16981E47D7E}"
EndProject
Global
	GlobalSection(SolutionConfigurationPlatforms) = preSolution
		Debug|Any CPU = Debug|Any CPU
		Release|Any CPU = Release|Any CPU
	EndGlobalSection
	GlobalSection(ProjectConfigurationPlatforms) = postSolution
		{DBB39D88-212D-4901-8B84-D6D5C3D18311}.Debug|Any CPU.ActiveCfg = Debug|Any CPU
		{DBB39D88-212D-4901-8B84-D6D5C3D18311}.Debug|Any CPU.Build.0 = Debug|Any CPU
		{DBB39D88-212D-4901-8B84-D6D5C3D18311}.Release|Any CPU.ActiveCfg = Release|Any CPU
		{DBB39D88-212D-4901-8B84-D6D5C3D18311}.Release|Any CPU.Build.0 = Release|Any CPU
		{506E73A5-E31E-4B02-81A0-E16981E47D7E}.Debug|Any CPU.ActiveCfg = Debug|Any CPU
		{506E73A5-E31E-4B02-81A0-E16981E47D7E}.Debug|Any CPU.Build.0 = Debug|Any CPU
		{506E73A5-E31E-4B02-81A0-E16981E47D7E}.Release|Any CPU.ActiveCfg = Release|Any CPU
		{506E73A5-E31E-4B02-81A0-E16981E47D7E}.Release|Any CPU.Build.0 = Release|Any CPU
	EndGlobalSection
	GlobalSection(SolutionProperties) = preSolution
		HideSolutionNode = FALSE
	EndGlobalSection
	GlobalSection(ExtensibilityGlobals) = postSolution
		SolutionGuid = {E158DD68-ADC4-47F1-92A6-BBE170E6CBEE}
	EndGlobalSection
EndGlobal
